// !$*UTF8*$!
{
	archiveVersion = 1;
	classes = {
	};
	objectVersion = 56;
	objects = {

/* Begin PBXBuildFile section */
		4362F7285B97503148012780 /* Foundation.framework in Frameworks */ = {isa = PBXBuildFile; fileRef = 32DB4D5F4E2D01FCD4E9169E /* Foundation.framework */; };
		5F000001212F000100000001 /* ExportFolderManager.swift in Sources */ = {isa = PBXBuildFile; fileRef = 5F000001212F000000000001 /* ExportFolderManager.swift */; };
		90802146303082A8BE935D64 /* SessionPathMapView.swift in Sources */ = {isa = PBXBuildFile; fileRef = 9DE47A9C94C8FC4C2E32835B /* SessionPathMapView.swift */; };
		AD000001212F000100000001 /* ActivityDetectionManager.swift in Sources */ = {isa = PBXBuildFile; fileRef = AD000001212F000000000001 /* ActivityDetectionManager.swift */; };
		AE000001212F000100000001 /* HealthKitWorkoutObserver.swift in Sources */ = {isa = PBXBuildFile; fileRef = AE000001212F000000000001 /* HealthKitWorkoutObserver.swift */; };
		AF000001212F000100000001 /* DailyDistanceTracker.swift in Sources */ = {isa = PBXBuildFile; fileRef = AF000001212F000000000001 /* DailyDistanceTracker.swift */; };
		A1000001212F000100000001 /* IsoMeApp.swift in Sources */ = {isa = PBXBuildFile; fileRef = A1000001212F000000000001 /* IsoMeApp.swift */; };
		A1000002212F000100000002 /* ContentView.swift in Sources */ = {isa = PBXBuildFile; fileRef = A1000002212F000000000002 /* ContentView.swift */; };
		A1000003212F000100000003 /* Visit.swift in Sources */ = {isa = PBXBuildFile; fileRef = A1000003212F000000000003 /* Visit.swift */; };
		A1000004212F000100000004 /* LocationPoint.swift in Sources */ = {isa = PBXBuildFile; fileRef = A1000004212F000000000004 /* LocationPoint.swift */; };
		A1000005212F000100000005 /* LocationManager.swift in Sources */ = {isa = PBXBuildFile; fileRef = A1000005212F000000000005 /* LocationManager.swift */; };
		A1000006212F000100000006 /* GeocodingService.swift in Sources */ = {isa = PBXBuildFile; fileRef = A1000006212F000000000006 /* GeocodingService.swift */; };
		A1000007212F000100000007 /* ExportService.swift in Sources */ = {isa = PBXBuildFile; fileRef = A1000007212F000000000007 /* ExportService.swift */; };
		A1000020212F000100000020 /* ImportService.swift in Sources */ = {isa = PBXBuildFile; fileRef = A1000020212F000000000020 /* ImportService.swift */; };
		A1000008212F000100000008 /* LocationViewModel.swift in Sources */ = {isa = PBXBuildFile; fileRef = A1000008212F000000000008 /* LocationViewModel.swift */; };
		A100000B212F00010000000B /* MapView.swift in Sources */ = {isa = PBXBuildFile; fileRef = A100000B212F00000000000B /* MapView.swift */; };
		A100000C212F00010000000C /* SettingsView.swift in Sources */ = {isa = PBXBuildFile; fileRef = A100000C212F00000000000C /* SettingsView.swift */; };
		A100000D212F00010000000D /* VisitDetailView.swift in Sources */ = {isa = PBXBuildFile; fileRef = A100000D212F00000000000D /* VisitDetailView.swift */; };
		A100000E212F00010000000E /* Assets.xcassets in Resources */ = {isa = PBXBuildFile; fileRef = A100000E212F00000000000E /* Assets.xcassets */; };
		A100000F212F00010000000F /* Preview Assets.xcassets in Resources */ = {isa = PBXBuildFile; fileRef = A100000F212F00000000000F /* Preview Assets.xcassets */; };
		A1000019212F000100000019 /* AppDelegate.swift in Sources */ = {isa = PBXBuildFile; fileRef = A1000019212F000000000019 /* AppDelegate.swift */; };
		F1000001212F000100000001 /* DesignSystem.swift in Sources */ = {isa = PBXBuildFile; fileRef = F1000001212F000000000001 /* DesignSystem.swift */; };
		F1000002212F000100000002 /* TimelineView.swift in Sources */ = {isa = PBXBuildFile; fileRef = F1000002212F000000000002 /* TimelineView.swift */; };
		F1000003212F000100000003 /* InsightsView.swift in Sources */ = {isa = PBXBuildFile; fileRef = F1000003212F000000000003 /* InsightsView.swift */; };
		F1000004212F000100000004 /* RouteReconstructor.swift in Sources */ = {isa = PBXBuildFile; fileRef = F1000004212F000000000004 /* RouteReconstructor.swift */; };
		F1000005212F000100000005 /* TrackingHeroView.swift in Sources */ = {isa = PBXBuildFile; fileRef = F1000005212F000000000005 /* TrackingHeroView.swift */; };
		F1000006212F000100000006 /* DateRangeFilterSheet.swift in Sources */ = {isa = PBXBuildFile; fileRef = F1000006212F000000000006 /* DateRangeFilterSheet.swift */; };
		F1000008212F000100000008 /* RouteDetailView.swift in Sources */ = {isa = PBXBuildFile; fileRef = F1000008212F000000000008 /* RouteDetailView.swift */; };
		A100001A212F00010000001A /* LocationActivityAttributes.swift in Sources */ = {isa = PBXBuildFile; fileRef = A100001A212F00000000001A /* LocationActivityAttributes.swift */; };
		A100001B212F00010000001B /* LiveActivityManager.swift in Sources */ = {isa = PBXBuildFile; fileRef = A100001B212F00000000001B /* LiveActivityManager.swift */; };
		A100001C212F00010000001C /* SharedLocationData.swift in Sources */ = {isa = PBXBuildFile; fileRef = A100001C212F00000000001C /* SharedLocationData.swift */; };
		A100001E212F00010000001E /* DistanceFormatter.swift in Sources */ = {isa = PBXBuildFile; fileRef = A100001D212F00000000001E /* DistanceFormatter.swift */; };
		A300001E212F00010000001E /* DistanceFormatter.swift in Sources */ = {isa = PBXBuildFile; fileRef = A100001D212F00000000001E /* DistanceFormatter.swift */; };
		A400001E212F00010000001E /* DistanceFormatter.swift in Sources */ = {isa = PBXBuildFile; fileRef = A100001D212F00000000001E /* DistanceFormatter.swift */; };
		A200001E212F00010000001E /* DistanceFormatter.swift in Sources */ = {isa = PBXBuildFile; fileRef = A100001D212F00000000001E /* DistanceFormatter.swift */; };
		A2000001212F000100000001 /* IsoMeWidgetBundle.swift in Sources */ = {isa = PBXBuildFile; fileRef = A2000001212F000000000001 /* IsoMeWidgetBundle.swift */; };
		A2000002212F000100000002 /* IsoMeLiveActivity.swift in Sources */ = {isa = PBXBuildFile; fileRef = A2000002212F000000000002 /* IsoMeLiveActivity.swift */; };
		A2000003212F000100000003 /* LocationActivityAttributes.swift in Sources */ = {isa = PBXBuildFile; fileRef = A100001A212F00000000001A /* LocationActivityAttributes.swift */; };
		A2000004212F000100000004 /* IsoMeWidgetExtension.appex in Embed Foundation Extensions */ = {isa = PBXBuildFile; fileRef = A2000000212F000000000000 /* IsoMeWidgetExtension.appex */; settings = {ATTRIBUTES = (RemoveHeadersOnCopy, ); }; };
		A2000005212F000100000005 /* Assets.xcassets in Resources */ = {isa = PBXBuildFile; fileRef = A2000005212F000000000005 /* Assets.xcassets */; };
		A3000001212F000100000001 /* IsoMeWatchApp.swift in Sources */ = {isa = PBXBuildFile; fileRef = A3000001212F000000000001 /* IsoMeWatchApp.swift */; };
		A3000002212F000100000002 /* WatchContentView.swift in Sources */ = {isa = PBXBuildFile; fileRef = A3000002212F000000000002 /* WatchContentView.swift */; };
		A3000003212F000100000003 /* WatchAssets.xcassets in Resources */ = {isa = PBXBuildFile; fileRef = A3000003212F000000000003 /* WatchAssets.xcassets */; };
		A3000004212F000100000004 /* SharedLocationData.swift in Sources */ = {isa = PBXBuildFile; fileRef = A100001C212F00000000001C /* SharedLocationData.swift */; };
		A3000005212F000100000005 /* IsoMeWatch.app in Embed Watch Content */ = {isa = PBXBuildFile; fileRef = A3000000212F000000000000 /* IsoMeWatch.app */; platformFilter = ios; settings = {ATTRIBUTES = (RemoveHeadersOnCopy, ); }; };
		A4000001212F000100000001 /* IsoMeWatchWidgetBundle.swift in Sources */ = {isa = PBXBuildFile; fileRef = A4000001212F000000000001 /* IsoMeWatchWidgetBundle.swift */; };
		A4000002212F000100000002 /* IsoMeWatchWidget.swift in Sources */ = {isa = PBXBuildFile; fileRef = A4000002212F000000000002 /* IsoMeWatchWidget.swift */; };
		A4000003212F000100000003 /* SharedLocationData.swift in Sources */ = {isa = PBXBuildFile; fileRef = A100001C212F00000000001C /* SharedLocationData.swift */; };
		A4000004212F000100000004 /* IsoMeWatchWidgetExtension.appex in Embed Foundation Extensions */ = {isa = PBXBuildFile; fileRef = A4000000212F000000000000 /* IsoMeWatchWidgetExtension.appex */; platformFilter = watchos; settings = {ATTRIBUTES = (RemoveHeadersOnCopy, ); }; };
		BC063EB88C436E8BF576E318 /* StoreManager.swift in Sources */ = {isa = PBXBuildFile; fileRef = 7A2C2BFF043232B2FF2E0BED /* StoreManager.swift */; };
		CB0AF0C284FF821E6D718E7E /* LocationManagerTrackingTests.swift in Sources */ = {isa = PBXBuildFile; fileRef = 76A0A8C8D0C96D0243E02089 /* LocationManagerTrackingTests.swift */; };
		DC2E3601C25B2712AD33AE98 /* PaywallView.swift in Sources */ = {isa = PBXBuildFile; fileRef = 59397DEAA02FEF6A5B6FA476 /* PaywallView.swift */; };
		E1000001212F000100000001 /* AppInfo.swift in Sources */ = {isa = PBXBuildFile; fileRef = E1000001212F000000000001 /* AppInfo.swift */; };
		E1000004212F000100000004 /* MockDataSeeder.swift in Sources */ = {isa = PBXBuildFile; fileRef = E1000004212F000000000004 /* MockDataSeeder.swift */; };
		E1000002212F000100000002 /* LogManager.swift in Sources */ = {isa = PBXBuildFile; fileRef = E1000002212F000000000002 /* LogManager.swift */; };
		E1000003212F000100000003 /* LogViewerView.swift in Sources */ = {isa = PBXBuildFile; fileRef = E1000003212F000000000003 /* LogViewerView.swift */; };
		F3601C83F23A13A26444AD47 /* SharedLocationDataTests.swift in Sources */ = {isa = PBXBuildFile; fileRef = F1FE2A7AF0F63FFD8AE276F3 /* SharedLocationDataTests.swift */; };
		B2000005212F000100000005 /* Localizable.xcstrings in Resources */ = {isa = PBXBuildFile; fileRef = B1000001212F000000000001 /* Localizable.xcstrings */; };
		B2000006212F000100000006 /* InfoPlist.xcstrings in Resources */ = {isa = PBXBuildFile; fileRef = B1000002212F000000000002 /* InfoPlist.xcstrings */; };
		B2000007212F000100000007 /* Localizable.xcstrings in Resources */ = {isa = PBXBuildFile; fileRef = B1000003212F000000000003 /* Localizable.xcstrings */; };
		B2000008212F000100000008 /* Localizable.xcstrings in Resources */ = {isa = PBXBuildFile; fileRef = B1000004212F000000000004 /* Localizable.xcstrings */; };
		B2000009212F000100000009 /* Localizable.xcstrings in Resources */ = {isa = PBXBuildFile; fileRef = B1000005212F000000000005 /* Localizable.xcstrings */; };
		D1000001212F000100000001 /* GripeSDK in Frameworks */ = {isa = PBXBuildFile; productRef = D1000002212F000100000002 /* GripeSDK */; };
/* End PBXBuildFile section */

/* Begin PBXContainerItemProxy section */
		70D695B013200C010FB259D6 /* PBXContainerItemProxy */ = {
			isa = PBXContainerItemProxy;
			containerPortal = A1FFFFF9212EFFFFFFFF0001 /* Project object */;
			proxyType = 1;
			remoteGlobalIDString = A1FFFFFA212EFFFFFFFF0000;
			remoteInfo = IsoMe;
		};
		A2000010212F000000000010 /* PBXContainerItemProxy */ = {
			isa = PBXContainerItemProxy;
			containerPortal = A1FFFFF9212EFFFFFFFF0001 /* Project object */;
			proxyType = 1;
			remoteGlobalIDString = A2FFFFFA212EFFFFFFFF0000;
			remoteInfo = IsoMeWidgetExtension;
		};
		A3000010212F000000000010 /* PBXContainerItemProxy */ = {
			isa = PBXContainerItemProxy;
			containerPortal = A1FFFFF9212EFFFFFFFF0001 /* Project object */;
			proxyType = 1;
			remoteGlobalIDString = A3FFFFFA212EFFFFFFFF0000;
			remoteInfo = IsoMeWatch;
		};
		A4000010212F000000000010 /* PBXContainerItemProxy */ = {
			isa = PBXContainerItemProxy;
			containerPortal = A1FFFFF9212EFFFFFFFF0001 /* Project object */;
			proxyType = 1;
			remoteGlobalIDString = A4FFFFFA212EFFFFFFFF0000;
			remoteInfo = IsoMeWatchWidgetExtension;
		};
/* End PBXContainerItemProxy section */

/* Begin PBXCopyFilesBuildPhase section */
		A2000011212F000000000011 /* Embed Foundation Extensions */ = {
			isa = PBXCopyFilesBuildPhase;
			buildActionMask = 2147483647;
			dstPath = "";
			dstSubfolderSpec = 13;
			files = (
				A2000004212F000100000004 /* IsoMeWidgetExtension.appex in Embed Foundation Extensions */,
			);
			name = "Embed Foundation Extensions";
			runOnlyForDeploymentPostprocessing = 0;
		};
		A3000011212F000000000011 /* Embed Watch Content */ = {
			isa = PBXCopyFilesBuildPhase;
			buildActionMask = 2147483647;
			dstPath = "$(CONTENTS_FOLDER_PATH)/Watch";
			dstSubfolderSpec = 16;
			files = (
				A3000005212F000100000005 /* IsoMeWatch.app in Embed Watch Content */,
			);
			name = "Embed Watch Content";
			runOnlyForDeploymentPostprocessing = 0;
		};
		A4000011212F000000000011 /* Embed Foundation Extensions */ = {
			isa = PBXCopyFilesBuildPhase;
			buildActionMask = 2147483647;
			dstPath = "";
			dstSubfolderSpec = 13;
			files = (
				A4000004212F000100000004 /* IsoMeWatchWidgetExtension.appex in Embed Foundation Extensions */,
			);
			name = "Embed Foundation Extensions";
			runOnlyForDeploymentPostprocessing = 0;
		};
/* End PBXCopyFilesBuildPhase section */

/* Begin PBXFileReference section */
		2E1B75491004BD3A7D223DB3 /* IsoMeTests.xctest */ = {isa = PBXFileReference; explicitFileType = wrapper.cfbundle; includeInIndex = 0; path = IsoMeTests.xctest; sourceTree = BUILT_PRODUCTS_DIR; };
		32DB4D5F4E2D01FCD4E9169E /* Foundation.framework */ = {isa = PBXFileReference; lastKnownFileType = wrapper.framework; name = Foundation.framework; path = Platforms/iPhoneOS.platform/Developer/SDKs/iPhoneOS18.0.sdk/System/Library/Frameworks/Foundation.framework; sourceTree = DEVELOPER_DIR; };
		59397DEAA02FEF6A5B6FA476 /* PaywallView.swift */ = {isa = PBXFileReference; includeInIndex = 1; lastKnownFileType = sourcecode.swift; path = PaywallView.swift; sourceTree = "<group>"; };
		5F000001212F000000000001 /* ExportFolderManager.swift */ = {isa = PBXFileReference; lastKnownFileType = sourcecode.swift; path = ExportFolderManager.swift; sourceTree = "<group>"; };
		76A0A8C8D0C96D0243E02089 /* LocationManagerTrackingTests.swift */ = {isa = PBXFileReference; includeInIndex = 1; lastKnownFileType = sourcecode.swift; path = LocationManagerTrackingTests.swift; sourceTree = "<group>"; };
		7A2C2BFF043232B2FF2E0BED /* StoreManager.swift */ = {isa = PBXFileReference; includeInIndex = 1; lastKnownFileType = sourcecode.swift; path = StoreManager.swift; sourceTree = "<group>"; };
		E1000001212F000000000001 /* AppInfo.swift */ = {isa = PBXFileReference; lastKnownFileType = sourcecode.swift; path = AppInfo.swift; sourceTree = "<group>"; };
		E1000004212F000000000004 /* MockDataSeeder.swift */ = {isa = PBXFileReference; lastKnownFileType = sourcecode.swift; path = MockDataSeeder.swift; sourceTree = "<group>"; };
		E1000002212F000000000002 /* LogManager.swift */ = {isa = PBXFileReference; lastKnownFileType = sourcecode.swift; path = LogManager.swift; sourceTree = "<group>"; };
		E1000003212F000000000003 /* LogViewerView.swift */ = {isa = PBXFileReference; lastKnownFileType = sourcecode.swift; path = LogViewerView.swift; sourceTree = "<group>"; };
		9DE47A9C94C8FC4C2E32835B /* SessionPathMapView.swift */ = {isa = PBXFileReference; includeInIndex = 1; lastKnownFileType = sourcecode.swift; path = SessionPathMapView.swift; sourceTree = "<group>"; };
		A1000000212F000000000000 /* IsoMe.app */ = {isa = PBXFileReference; explicitFileType = wrapper.application; includeInIndex = 0; path = IsoMe.app; sourceTree = BUILT_PRODUCTS_DIR; };
		A1000001212F000000000001 /* IsoMeApp.swift */ = {isa = PBXFileReference; lastKnownFileType = sourcecode.swift; path = IsoMeApp.swift; sourceTree = "<group>"; };
		A1000002212F000000000002 /* ContentView.swift */ = {isa = PBXFileReference; lastKnownFileType = sourcecode.swift; path = ContentView.swift; sourceTree = "<group>"; };
		A1000003212F000000000003 /* Visit.swift */ = {isa = PBXFileReference; lastKnownFileType = sourcecode.swift; path = Visit.swift; sourceTree = "<group>"; };
		A1000004212F000000000004 /* LocationPoint.swift */ = {isa = PBXFileReference; lastKnownFileType = sourcecode.swift; path = LocationPoint.swift; sourceTree = "<group>"; };
		A1000005212F000000000005 /* LocationManager.swift */ = {isa = PBXFileReference; lastKnownFileType = sourcecode.swift; path = LocationManager.swift; sourceTree = "<group>"; };
		A1000006212F000000000006 /* GeocodingService.swift */ = {isa = PBXFileReference; lastKnownFileType = sourcecode.swift; path = GeocodingService.swift; sourceTree = "<group>"; };
		A1000007212F000000000007 /* ExportService.swift */ = {isa = PBXFileReference; lastKnownFileType = sourcecode.swift; path = ExportService.swift; sourceTree = "<group>"; };
		A1000020212F000000000020 /* ImportService.swift */ = {isa = PBXFileReference; lastKnownFileType = sourcecode.swift; path = ImportService.swift; sourceTree = "<group>"; };
		A1000008212F000000000008 /* LocationViewModel.swift */ = {isa = PBXFileReference; lastKnownFileType = sourcecode.swift; path = LocationViewModel.swift; sourceTree = "<group>"; };
		A100000B212F00000000000B /* MapView.swift */ = {isa = PBXFileReference; lastKnownFileType = sourcecode.swift; path = MapView.swift; sourceTree = "<group>"; };
		A100000C212F00000000000C /* SettingsView.swift */ = {isa = PBXFileReference; lastKnownFileType = sourcecode.swift; path = SettingsView.swift; sourceTree = "<group>"; };
		A100000D212F00000000000D /* VisitDetailView.swift */ = {isa = PBXFileReference; lastKnownFileType = sourcecode.swift; path = VisitDetailView.swift; sourceTree = "<group>"; };
		A100000E212F00000000000E /* Assets.xcassets */ = {isa = PBXFileReference; lastKnownFileType = folder.assetcatalog; path = Assets.xcassets; sourceTree = "<group>"; };
		A100000F212F00000000000F /* Preview Assets.xcassets */ = {isa = PBXFileReference; lastKnownFileType = folder.assetcatalog; path = "Preview Assets.xcassets"; sourceTree = "<group>"; };
		A1000010212F000000000010 /* Info.plist */ = {isa = PBXFileReference; lastKnownFileType = text.plist.xml; path = Info.plist; sourceTree = "<group>"; };
		A1000019212F000000000019 /* AppDelegate.swift */ = {isa = PBXFileReference; lastKnownFileType = sourcecode.swift; path = AppDelegate.swift; sourceTree = "<group>"; };
		F1000001212F000000000001 /* DesignSystem.swift */ = {isa = PBXFileReference; lastKnownFileType = sourcecode.swift; path = DesignSystem.swift; sourceTree = "<group>"; };
		F1000002212F000000000002 /* TimelineView.swift */ = {isa = PBXFileReference; lastKnownFileType = sourcecode.swift; path = TimelineView.swift; sourceTree = "<group>"; };
		F1000003212F000000000003 /* InsightsView.swift */ = {isa = PBXFileReference; lastKnownFileType = sourcecode.swift; path = InsightsView.swift; sourceTree = "<group>"; };
		F1000004212F000000000004 /* RouteReconstructor.swift */ = {isa = PBXFileReference; lastKnownFileType = sourcecode.swift; path = RouteReconstructor.swift; sourceTree = "<group>"; };
		F1000005212F000000000005 /* TrackingHeroView.swift */ = {isa = PBXFileReference; lastKnownFileType = sourcecode.swift; path = TrackingHeroView.swift; sourceTree = "<group>"; };
		F1000006212F000000000006 /* DateRangeFilterSheet.swift */ = {isa = PBXFileReference; lastKnownFileType = sourcecode.swift; path = DateRangeFilterSheet.swift; sourceTree = "<group>"; };
		F1000008212F000000000008 /* RouteDetailView.swift */ = {isa = PBXFileReference; lastKnownFileType = sourcecode.swift; path = RouteDetailView.swift; sourceTree = "<group>"; };
		A100001A212F00000000001A /* LocationActivityAttributes.swift */ = {isa = PBXFileReference; lastKnownFileType = sourcecode.swift; path = LocationActivityAttributes.swift; sourceTree = "<group>"; };
		A100001B212F00000000001B /* LiveActivityManager.swift */ = {isa = PBXFileReference; lastKnownFileType = sourcecode.swift; path = LiveActivityManager.swift; sourceTree = "<group>"; };
		A100001C212F00000000001C /* SharedLocationData.swift */ = {isa = PBXFileReference; lastKnownFileType = sourcecode.swift; path = SharedLocationData.swift; sourceTree = "<group>"; };
		A100001D212F00000000001E /* DistanceFormatter.swift */ = {isa = PBXFileReference; lastKnownFileType = sourcecode.swift; path = DistanceFormatter.swift; sourceTree = "<group>"; };
		A100001D212F00000000001D /* IsoMe.entitlements */ = {isa = PBXFileReference; lastKnownFileType = text.plist.entitlements; path = IsoMe.entitlements; sourceTree = "<group>"; };
		A2000000212F000000000000 /* IsoMeWidgetExtension.appex */ = {isa = PBXFileReference; explicitFileType = "wrapper.app-extension"; includeInIndex = 0; path = IsoMeWidgetExtension.appex; sourceTree = BUILT_PRODUCTS_DIR; };
		A2000001212F000000000001 /* IsoMeWidgetBundle.swift */ = {isa = PBXFileReference; lastKnownFileType = sourcecode.swift; path = IsoMeWidgetBundle.swift; sourceTree = "<group>"; };
		A2000002212F000000000002 /* IsoMeLiveActivity.swift */ = {isa = PBXFileReference; lastKnownFileType = sourcecode.swift; path = IsoMeLiveActivity.swift; sourceTree = "<group>"; };
		A2000003212F000000000003 /* Info.plist */ = {isa = PBXFileReference; lastKnownFileType = text.plist.xml; path = Info.plist; sourceTree = "<group>"; };
		A2000005212F000000000005 /* Assets.xcassets */ = {isa = PBXFileReference; lastKnownFileType = folder.assetcatalog; path = Assets.xcassets; sourceTree = "<group>"; };
		A2000006212F000000000006 /* IsoMeWidget.entitlements */ = {isa = PBXFileReference; lastKnownFileType = text.plist.entitlements; path = IsoMeWidget.entitlements; sourceTree = "<group>"; };
		A3000000212F000000000000 /* IsoMeWatch.app */ = {isa = PBXFileReference; explicitFileType = wrapper.application; includeInIndex = 0; path = IsoMeWatch.app; sourceTree = BUILT_PRODUCTS_DIR; };
		A3000001212F000000000001 /* IsoMeWatchApp.swift */ = {isa = PBXFileReference; lastKnownFileType = sourcecode.swift; path = IsoMeWatchApp.swift; sourceTree = "<group>"; };
		A3000002212F000000000002 /* WatchContentView.swift */ = {isa = PBXFileReference; lastKnownFileType = sourcecode.swift; name = WatchContentView.swift; path = ContentView.swift; sourceTree = "<group>"; };
		A3000003212F000000000003 /* WatchAssets.xcassets */ = {isa = PBXFileReference; lastKnownFileType = folder.assetcatalog; name = WatchAssets.xcassets; path = Assets.xcassets; sourceTree = "<group>"; };
		A3000004212F000000000004 /* WatchInfo.plist */ = {isa = PBXFileReference; lastKnownFileType = text.plist.xml; name = WatchInfo.plist; path = Info.plist; sourceTree = "<group>"; };
		A3000005212F000000000005 /* IsoMeWatch.entitlements */ = {isa = PBXFileReference; lastKnownFileType = text.plist.entitlements; path = IsoMeWatch.entitlements; sourceTree = "<group>"; };
		A4000000212F000000000000 /* IsoMeWatchWidgetExtension.appex */ = {isa = PBXFileReference; explicitFileType = "wrapper.app-extension"; includeInIndex = 0; path = IsoMeWatchWidgetExtension.appex; sourceTree = BUILT_PRODUCTS_DIR; };
		A4000001212F000000000001 /* IsoMeWatchWidgetBundle.swift */ = {isa = PBXFileReference; lastKnownFileType = sourcecode.swift; path = IsoMeWatchWidgetBundle.swift; sourceTree = "<group>"; };
		A4000002212F000000000002 /* IsoMeWatchWidget.swift */ = {isa = PBXFileReference; lastKnownFileType = sourcecode.swift; path = IsoMeWatchWidget.swift; sourceTree = "<group>"; };
		A4000003212F000000000003 /* WatchWidgetInfo.plist */ = {isa = PBXFileReference; lastKnownFileType = text.plist.xml; name = WatchWidgetInfo.plist; path = Info.plist; sourceTree = "<group>"; };
		A4000004212F000000000004 /* IsoMeWatchWidget.entitlements */ = {isa = PBXFileReference; lastKnownFileType = text.plist.entitlements; path = IsoMeWatchWidget.entitlements; sourceTree = "<group>"; };
		AD000001212F000000000001 /* ActivityDetectionManager.swift */ = {isa = PBXFileReference; includeInIndex = 1; lastKnownFileType = sourcecode.swift; path = ActivityDetectionManager.swift; sourceTree = "<group>"; };
		AE000001212F000000000001 /* HealthKitWorkoutObserver.swift */ = {isa = PBXFileReference; includeInIndex = 1; lastKnownFileType = sourcecode.swift; path = HealthKitWorkoutObserver.swift; sourceTree = "<group>"; };
		AF000001212F000000000001 /* DailyDistanceTracker.swift */ = {isa = PBXFileReference; includeInIndex = 1; lastKnownFileType = sourcecode.swift; path = DailyDistanceTracker.swift; sourceTree = "<group>"; };
		F1FE2A7AF0F63FFD8AE276F3 /* SharedLocationDataTests.swift */ = {isa = PBXFileReference; includeInIndex = 1; lastKnownFileType = sourcecode.swift; path = SharedLocationDataTests.swift; sourceTree = "<group>"; };
		B1000001212F000000000001 /* Localizable.xcstrings */ = {isa = PBXFileReference; lastKnownFileType = text.json.xcstrings; path = Localizable.xcstrings; sourceTree = "<group>"; };
		B1000002212F000000000002 /* InfoPlist.xcstrings */ = {isa = PBXFileReference; lastKnownFileType = text.json.xcstrings; path = InfoPlist.xcstrings; sourceTree = "<group>"; };
		B1000003212F000000000003 /* Localizable.xcstrings */ = {isa = PBXFileReference; lastKnownFileType = text.json.xcstrings; name = Localizable.xcstrings; path = Localizable.xcstrings; sourceTree = "<group>"; };
		B1000004212F000000000004 /* Localizable.xcstrings */ = {isa = PBXFileReference; lastKnownFileType = text.json.xcstrings; name = Localizable.xcstrings; path = Localizable.xcstrings; sourceTree = "<group>"; };
		B1000005212F000000000005 /* Localizable.xcstrings */ = {isa = PBXFileReference; lastKnownFileType = text.json.xcstrings; name = Localizable.xcstrings; path = Localizable.xcstrings; sourceTree = "<group>"; };
		D2000001212F000100000001 /* Gripe.xcconfig */ = {isa = PBXFileReference; lastKnownFileType = text.xcconfig; path = Gripe.xcconfig; sourceTree = "<group>"; };
		D2000003212F000100000003 /* Gripe.xcconfig.example */ = {isa = PBXFileReference; lastKnownFileType = text; path = Gripe.xcconfig.example; sourceTree = "<group>"; };
/* End PBXFileReference section */

/* Begin PBXFrameworksBuildPhase section */
		A1FFFFFE212EFFFFFFFF0001 /* Frameworks */ = {
			isa = PBXFrameworksBuildPhase;
			buildActionMask = 2147483647;
			files = (
				D1000001212F000100000001 /* GripeSDK in Frameworks */,
			);
			runOnlyForDeploymentPostprocessing = 0;
		};
		A2FFFFFE212EFFFFFFFF0001 /* Frameworks */ = {
			isa = PBXFrameworksBuildPhase;
			buildActionMask = 2147483647;
			files = (
			);
			runOnlyForDeploymentPostprocessing = 0;
		};
		A3FFFFFE212EFFFFFFFF0001 /* Frameworks */ = {
			isa = PBXFrameworksBuildPhase;
			buildActionMask = 2147483647;
			files = (
			);
			runOnlyForDeploymentPostprocessing = 0;
		};
		A4FFFFFE212EFFFFFFFF0001 /* Frameworks */ = {
			isa = PBXFrameworksBuildPhase;
			buildActionMask = 2147483647;
			files = (
			);
			runOnlyForDeploymentPostprocessing = 0;
		};
		D2F6DFFFA34A7401EF703341 /* Frameworks */ = {
			isa = PBXFrameworksBuildPhase;
			buildActionMask = 2147483647;
			files = (
				4362F7285B97503148012780 /* Foundation.framework in Frameworks */,
			);
			runOnlyForDeploymentPostprocessing = 0;
		};
/* End PBXFrameworksBuildPhase section */

/* Begin PBXGroup section */
		5D13E0A973DE83648CCDCF76 /* iOS */ = {
			isa = PBXGroup;
			children = (
				32DB4D5F4E2D01FCD4E9169E /* Foundation.framework */,
			);
			name = iOS;
			sourceTree = "<group>";
		};
		6C56D277F7A90AC5E53EA483 /* Frameworks */ = {
			isa = PBXGroup;
			children = (
				5D13E0A973DE83648CCDCF76 /* iOS */,
			);
			name = Frameworks;
			sourceTree = "<group>";
		};
		A1000011212F000000000011 /* Preview Content */ = {
			isa = PBXGroup;
			children = (
				A100000F212F00000000000F /* Preview Assets.xcassets */,
			);
			path = "Preview Content";
			sourceTree = "<group>";
		};
		A1FFFFF8212EFFFFFFFF0000 = {
			isa = PBXGroup;
			children = (
				A1FFFFFA212EFFFFFFFF0001 /* IsoMe */,
				A2FFFFFA212EFFFFFFFF0001 /* IsoMeWidget */,
				A3FFFFFA212EFFFFFFFF0001 /* IsoMeWatch */,
				A4FFFFFA212EFFFFFFFF0001 /* IsoMeWatchWidget */,
				A5FFFFFA212EFFFFFFFF0001 /* Shared */,
				D2000002212F000100000002 /* Config */,
				A1FFFFF9212EFFFFFFFF0002 /* Products */,
				6C56D277F7A90AC5E53EA483 /* Frameworks */,
				AD8A47404A1FA6D94EF61780 /* IsoMeTests */,
			);
			sourceTree = "<group>";
		};
		D2000002212F000100000002 /* Config */ = {
			isa = PBXGroup;
			children = (
				D2000001212F000100000001 /* Gripe.xcconfig */,
				D2000003212F000100000003 /* Gripe.xcconfig.example */,
			);
			path = Config;
			sourceTree = "<group>";
		};
		A1FFFFF9212EFFFFFFFF0002 /* Products */ = {
			isa = PBXGroup;
			children = (
				A1000000212F000000000000 /* IsoMe.app */,
				A2000000212F000000000000 /* IsoMeWidgetExtension.appex */,
				A3000000212F000000000000 /* IsoMeWatch.app */,
				A4000000212F000000000000 /* IsoMeWatchWidgetExtension.appex */,
				2E1B75491004BD3A7D223DB3 /* IsoMeTests.xctest */,
			);
			name = Products;
			sourceTree = "<group>";
		};
		A1FFFFFA212EFFFFFFFF0001 /* IsoMe */ = {
			isa = PBXGroup;
			children = (
				A1000001212F000000000001 /* IsoMeApp.swift */,
				A1000019212F000000000019 /* AppDelegate.swift */,
				F1000001212F000000000001 /* DesignSystem.swift */,
				A1000010212F000000000010 /* Info.plist */,
				A100001D212F00000000001D /* IsoMe.entitlements */,
				A1FFFFFB212EFFFFFFFF0003 /* Models */,
				A1FFFFFC212EFFFFFFFF0004 /* Services */,
				A1FFFFFD212EFFFFFFFF0005 /* Views */,
				A1FFFFFE212EFFFFFFFF0006 /* ViewModels */,
				A1FFFFFF212EFFFFFFFF0007 /* Utilities */,
				A100000E212F00000000000E /* Assets.xcassets */,
				A1000011212F000000000011 /* Preview Content */,
				B1000001212F000000000001 /* Localizable.xcstrings */,
				B1000002212F000000000002 /* InfoPlist.xcstrings */,
			);
			path = IsoMe;
			sourceTree = "<group>";
		};
		A1FFFFFB212EFFFFFFFF0003 /* Models */ = {
			isa = PBXGroup;
			children = (
				A1000003212F000000000003 /* Visit.swift */,
				A1000004212F000000000004 /* LocationPoint.swift */,
				A100001A212F00000000001A /* LocationActivityAttributes.swift */,
			);
			path = Models;
			sourceTree = "<group>";
		};
		A1FFFFFC212EFFFFFFFF0004 /* Services */ = {
			isa = PBXGroup;
			children = (
				AD000001212F000000000001 /* ActivityDetectionManager.swift */,
				AF000001212F000000000001 /* DailyDistanceTracker.swift */,
				AE000001212F000000000001 /* HealthKitWorkoutObserver.swift */,
				A1000005212F000000000005 /* LocationManager.swift */,
				A1000006212F000000000006 /* GeocodingService.swift */,
				A100001B212F00000000001B /* LiveActivityManager.swift */,
				7A2C2BFF043232B2FF2E0BED /* StoreManager.swift */,
				E1000002212F000000000002 /* LogManager.swift */,
				F1000004212F000000000004 /* RouteReconstructor.swift */,
			);
			path = Services;
			sourceTree = "<group>";
		};
		A1FFFFFD212EFFFFFFFF0005 /* Views */ = {
			isa = PBXGroup;
			children = (
				A1000002212F000000000002 /* ContentView.swift */,
				A100000B212F00000000000B /* MapView.swift */,
				A100000C212F00000000000C /* SettingsView.swift */,
				A100000D212F00000000000D /* VisitDetailView.swift */,
				9DE47A9C94C8FC4C2E32835B /* SessionPathMapView.swift */,
				59397DEAA02FEF6A5B6FA476 /* PaywallView.swift */,
				E1000003212F000000000003 /* LogViewerView.swift */,
				F1000002212F000000000002 /* TimelineView.swift */,
				F1000003212F000000000003 /* InsightsView.swift */,
				F1000005212F000000000005 /* TrackingHeroView.swift */,
				F1000008212F000000000008 /* RouteDetailView.swift */,
				F1000007212F000000000007 /* Components */,
			);
			path = Views;
			sourceTree = "<group>";
		};
		F1000007212F000000000007 /* Components */ = {
			isa = PBXGroup;
			children = (
				F1000006212F000000000006 /* DateRangeFilterSheet.swift */,
			);
			path = Components;
			sourceTree = "<group>";
		};
		A1FFFFFE212EFFFFFFFF0006 /* ViewModels */ = {
			isa = PBXGroup;
			children = (
				A1000008212F000000000008 /* LocationViewModel.swift */,
			);
			path = ViewModels;
			sourceTree = "<group>";
		};
		A1FFFFFF212EFFFFFFFF0007 /* Utilities */ = {
			isa = PBXGroup;
			children = (
				A1000007212F000000000007 /* ExportService.swift */,
				A1000020212F000000000020 /* ImportService.swift */,
				5F000001212F000000000001 /* ExportFolderManager.swift */,
				E1000001212F000000000001 /* AppInfo.swift */,
				E1000004212F000000000004 /* MockDataSeeder.swift */,
			);
			path = Utilities;
			sourceTree = "<group>";
		};
		A2FFFFFA212EFFFFFFFF0001 /* IsoMeWidget */ = {
			isa = PBXGroup;
			children = (
				A2000001212F000000000001 /* IsoMeWidgetBundle.swift */,
				A2000002212F000000000002 /* IsoMeLiveActivity.swift */,
				A2000005212F000000000005 /* Assets.xcassets */,
				A2000006212F000000000006 /* IsoMeWidget.entitlements */,
				A2000003212F000000000003 /* Info.plist */,
				B1000003212F000000000003 /* Localizable.xcstrings */,
			);
			path = IsoMeWidget;
			sourceTree = "<group>";
		};
		A3FFFFFA212EFFFFFFFF0001 /* IsoMeWatch */ = {
			isa = PBXGroup;
			children = (
				A3000001212F000000000001 /* IsoMeWatchApp.swift */,
				A3000002212F000000000002 /* WatchContentView.swift */,
				A3000003212F000000000003 /* WatchAssets.xcassets */,
				A3000004212F000000000004 /* WatchInfo.plist */,
				A3000005212F000000000005 /* IsoMeWatch.entitlements */,
				B1000004212F000000000004 /* Localizable.xcstrings */,
			);
			path = IsoMeWatch;
			sourceTree = "<group>";
		};
		A4FFFFFA212EFFFFFFFF0001 /* IsoMeWatchWidget */ = {
			isa = PBXGroup;
			children = (
				A4000001212F000000000001 /* IsoMeWatchWidgetBundle.swift */,
				A4000002212F000000000002 /* IsoMeWatchWidget.swift */,
				A4000003212F000000000003 /* WatchWidgetInfo.plist */,
				A4000004212F000000000004 /* IsoMeWatchWidget.entitlements */,
				B1000005212F000000000005 /* Localizable.xcstrings */,
			);
			path = IsoMeWatchWidget;
			sourceTree = "<group>";
		};
		A5FFFFFA212EFFFFFFFF0001 /* Shared */ = {
			isa = PBXGroup;
			children = (
				A100001C212F00000000001C /* SharedLocationData.swift */,
				A100001D212F00000000001E /* DistanceFormatter.swift */,
			);
			path = Shared;
			sourceTree = "<group>";
		};
		AD8A47404A1FA6D94EF61780 /* IsoMeTests */ = {
			isa = PBXGroup;
			children = (
				76A0A8C8D0C96D0243E02089 /* LocationManagerTrackingTests.swift */,
				F1FE2A7AF0F63FFD8AE276F3 /* SharedLocationDataTests.swift */,
			);
			name = IsoMeTests;
			path = IsoMeTests;
			sourceTree = "<group>";
		};
/* End PBXGroup section */

/* Begin PBXNativeTarget section */
		A1FFFFFA212EFFFFFFFF0000 /* IsoMe */ = {
			isa = PBXNativeTarget;
			buildConfigurationList = A1000014212F000000000014 /* Build configuration list for PBXNativeTarget "IsoMe" */;
			buildPhases = (
				A1FFFFFB212EFFFFFFFF0001 /* Sources */,
				A1FFFFFE212EFFFFFFFF0001 /* Frameworks */,
				A1FFFFFC212EFFFFFFFF0002 /* Resources */,
				A2000011212F000000000011 /* Embed Foundation Extensions */,
				A3000011212F000000000011 /* Embed Watch Content */,
			);
			buildRules = (
			);
			dependencies = (
				A2000012212F000000000012 /* PBXTargetDependency */,
				A3000012212F000000000012 /* PBXTargetDependency */,
			);
			name = IsoMe;
			packageProductDependencies = (
				D1000002212F000100000002 /* GripeSDK */,
			);
			productName = IsoMe;
			productReference = A1000000212F000000000000 /* IsoMe.app */;
			productType = "com.apple.product-type.application";
		};
		A2FFFFFA212EFFFFFFFF0000 /* IsoMeWidgetExtension */ = {
			isa = PBXNativeTarget;
			buildConfigurationList = A2000014212F000000000014 /* Build configuration list for PBXNativeTarget "IsoMeWidgetExtension" */;
			buildPhases = (
				A2FFFFFB212EFFFFFFFF0001 /* Sources */,
				A2FFFFFE212EFFFFFFFF0001 /* Frameworks */,
				A2FFFFFC212EFFFFFFFF0002 /* Resources */,
			);
			buildRules = (
			);
			dependencies = (
			);
			name = IsoMeWidgetExtension;
			productName = IsoMeWidgetExtension;
			productReference = A2000000212F000000000000 /* IsoMeWidgetExtension.appex */;
			productType = "com.apple.product-type.app-extension";
		};
		A3FFFFFA212EFFFFFFFF0000 /* IsoMeWatch */ = {
			isa = PBXNativeTarget;
			buildConfigurationList = A3000014212F000000000014 /* Build configuration list for PBXNativeTarget "IsoMeWatch" */;
			buildPhases = (
				A3FFFFFB212EFFFFFFFF0001 /* Sources */,
				A3FFFFFE212EFFFFFFFF0001 /* Frameworks */,
				A3FFFFFC212EFFFFFFFF0002 /* Resources */,
				A4000011212F000000000011 /* Embed Foundation Extensions */,
			);
			buildRules = (
			);
			dependencies = (
				A4000012212F000000000012 /* PBXTargetDependency */,
			);
			name = IsoMeWatch;
			productName = IsoMeWatch;
			productReference = A3000000212F000000000000 /* IsoMeWatch.app */;
			productType = "com.apple.product-type.application";
		};
		A4FFFFFA212EFFFFFFFF0000 /* IsoMeWatchWidgetExtension */ = {
			isa = PBXNativeTarget;
			buildConfigurationList = A4000014212F000000000014 /* Build configuration list for PBXNativeTarget "IsoMeWatchWidgetExtension" */;
			buildPhases = (
				A4FFFFFB212EFFFFFFFF0001 /* Sources */,
				A4FFFFFE212EFFFFFFFF0001 /* Frameworks */,
				A4FFFFFC212EFFFFFFFF0002 /* Resources */,
			);
			buildRules = (
			);
			dependencies = (
			);
			name = IsoMeWatchWidgetExtension;
			productName = IsoMeWatchWidgetExtension;
			productReference = A4000000212F000000000000 /* IsoMeWatchWidgetExtension.appex */;
			productType = "com.apple.product-type.app-extension";
		};
		AA73D16C4130069D72314CAC /* IsoMeTests */ = {
			isa = PBXNativeTarget;
			buildConfigurationList = 09B7BE97A5B04B11F26142E1 /* Build configuration list for PBXNativeTarget "IsoMeTests" */;
			buildPhases = (
				B74D71912096B01D0B4CFA18 /* Sources */,
				D2F6DFFFA34A7401EF703341 /* Frameworks */,
				B6465826AD0E80F59CAB45E9 /* Resources */,
			);
			buildRules = (
			);
			dependencies = (
				0B296FF4FE6B89E3287D145C /* PBXTargetDependency */,
			);
			name = IsoMeTests;
			productName = IsoMeTests;
			productReference = 2E1B75491004BD3A7D223DB3 /* IsoMeTests.xctest */;
			productType = "com.apple.product-type.bundle.unit-test";
		};
/* End PBXNativeTarget section */

/* Begin PBXProject section */
		A1FFFFF9212EFFFFFFFF0001 /* Project object */ = {
			isa = PBXProject;
			attributes = {
				BuildIndependentTargetsInParallel = 1;
				LastSwiftUpdateCheck = 1500;
				LastUpgradeCheck = 2610;
				TargetAttributes = {
					A1FFFFFA212EFFFFFFFF0000 = {
						CreatedOnToolsVersion = 15.0;
					};
					A2FFFFFA212EFFFFFFFF0000 = {
						CreatedOnToolsVersion = 15.0;
					};
					A3FFFFFA212EFFFFFFFF0000 = {
						CreatedOnToolsVersion = 15.0;
					};
					A4FFFFFA212EFFFFFFFF0000 = {
						CreatedOnToolsVersion = 15.0;
					};
				};
			};
			buildConfigurationList = A1000013212F000000000013 /* Build configuration list for PBXProject "IsoMe" */;
			compatibilityVersion = "Xcode 14.0";
			developmentRegion = en;
			hasScannedForEncodings = 0;
			knownRegions = (
				en,
				Base,
				"zh-Hans",
				es,
				hi,
				ar,
				bn,
				"pt-BR",
				ru,
				ja,
				fr,
			);
			mainGroup = A1FFFFF8212EFFFFFFFF0000;
			packageReferences = (
				D1000003212F000100000003 /* XCRemoteSwiftPackageReference "gripe-sdk" */,
			);
			productRefGroup = A1FFFFF9212EFFFFFFFF0002 /* Products */;
			projectDirPath = "";
			projectRoot = "";
			targets = (
				A1FFFFFA212EFFFFFFFF0000 /* IsoMe */,
				A2FFFFFA212EFFFFFFFF0000 /* IsoMeWidgetExtension */,
				A3FFFFFA212EFFFFFFFF0000 /* IsoMeWatch */,
				A4FFFFFA212EFFFFFFFF0000 /* IsoMeWatchWidgetExtension */,
				AA73D16C4130069D72314CAC /* IsoMeTests */,
			);
		};
/* End PBXProject section */

/* Begin PBXResourcesBuildPhase section */
		A1FFFFFC212EFFFFFFFF0002 /* Resources */ = {
			isa = PBXResourcesBuildPhase;
			buildActionMask = 2147483647;
			files = (
				A100000F212F00010000000F /* Preview Assets.xcassets in Resources */,
				A100000E212F00010000000E /* Assets.xcassets in Resources */,
				B2000005212F000100000005 /* Localizable.xcstrings in Resources */,
				B2000006212F000100000006 /* InfoPlist.xcstrings in Resources */,
			);
			runOnlyForDeploymentPostprocessing = 0;
		};
		A2FFFFFC212EFFFFFFFF0002 /* Resources */ = {
			isa = PBXResourcesBuildPhase;
			buildActionMask = 2147483647;
			files = (
				A2000005212F000100000005 /* Assets.xcassets in Resources */,
				B2000007212F000100000007 /* Localizable.xcstrings in Resources */,
			);
			runOnlyForDeploymentPostprocessing = 0;
		};
		A3FFFFFC212EFFFFFFFF0002 /* Resources */ = {
			isa = PBXResourcesBuildPhase;
			buildActionMask = 2147483647;
			files = (
				A3000003212F000100000003 /* WatchAssets.xcassets in Resources */,
				B2000008212F000100000008 /* Localizable.xcstrings in Resources */,
			);
			runOnlyForDeploymentPostprocessing = 0;
		};
		A4FFFFFC212EFFFFFFFF0002 /* Resources */ = {
			isa = PBXResourcesBuildPhase;
			buildActionMask = 2147483647;
			files = (
				B2000009212F000100000009 /* Localizable.xcstrings in Resources */,
			);
			runOnlyForDeploymentPostprocessing = 0;
		};
		B6465826AD0E80F59CAB45E9 /* Resources */ = {
			isa = PBXResourcesBuildPhase;
			buildActionMask = 2147483647;
			files = (
			);
			runOnlyForDeploymentPostprocessing = 0;
		};
/* End PBXResourcesBuildPhase section */

/* Begin PBXSourcesBuildPhase section */
		A1FFFFFB212EFFFFFFFF0001 /* Sources */ = {
			isa = PBXSourcesBuildPhase;
			buildActionMask = 2147483647;
			files = (
				A1000001212F000100000001 /* IsoMeApp.swift in Sources */,
				A1000019212F000100000019 /* AppDelegate.swift in Sources */,
				F1000001212F000100000001 /* DesignSystem.swift in Sources */,
				F1000002212F000100000002 /* TimelineView.swift in Sources */,
				F1000003212F000100000003 /* InsightsView.swift in Sources */,
				F1000004212F000100000004 /* RouteReconstructor.swift in Sources */,
				F1000005212F000100000005 /* TrackingHeroView.swift in Sources */,
				F1000006212F000100000006 /* DateRangeFilterSheet.swift in Sources */,
				F1000008212F000100000008 /* RouteDetailView.swift in Sources */,
				A1000002212F000100000002 /* ContentView.swift in Sources */,
				A1000003212F000100000003 /* Visit.swift in Sources */,
				A1000004212F000100000004 /* LocationPoint.swift in Sources */,
				A1000005212F000100000005 /* LocationManager.swift in Sources */,
				A1000006212F000100000006 /* GeocodingService.swift in Sources */,
				A1000007212F000100000007 /* ExportService.swift in Sources */,
				A1000020212F000100000020 /* ImportService.swift in Sources */,
				A1000008212F000100000008 /* LocationViewModel.swift in Sources */,
				A100000B212F00010000000B /* MapView.swift in Sources */,
				A100000C212F00010000000C /* SettingsView.swift in Sources */,
				A100000D212F00010000000D /* VisitDetailView.swift in Sources */,
				A100001A212F00010000001A /* LocationActivityAttributes.swift in Sources */,
				A100001B212F00010000001B /* LiveActivityManager.swift in Sources */,
				A100001C212F00010000001C /* SharedLocationData.swift in Sources */,
				A100001E212F00010000001E /* DistanceFormatter.swift in Sources */,
				90802146303082A8BE935D64 /* SessionPathMapView.swift in Sources */,
				5F000001212F000100000001 /* ExportFolderManager.swift in Sources */,
				AD000001212F000100000001 /* ActivityDetectionManager.swift in Sources */,
				AE000001212F000100000001 /* HealthKitWorkoutObserver.swift in Sources */,
				AF000001212F000100000001 /* DailyDistanceTracker.swift in Sources */,
				BC063EB88C436E8BF576E318 /* StoreManager.swift in Sources */,
				DC2E3601C25B2712AD33AE98 /* PaywallView.swift in Sources */,
				E1000001212F000100000001 /* AppInfo.swift in Sources */,
				E1000002212F000100000002 /* LogManager.swift in Sources */,
				E1000003212F000100000003 /* LogViewerView.swift in Sources */,
				E1000004212F000100000004 /* MockDataSeeder.swift in Sources */,
			);
			runOnlyForDeploymentPostprocessing = 0;
		};
		A2FFFFFB212EFFFFFFFF0001 /* Sources */ = {
			isa = PBXSourcesBuildPhase;
			buildActionMask = 2147483647;
			files = (
				A2000001212F000100000001 /* IsoMeWidgetBundle.swift in Sources */,
				A2000002212F000100000002 /* IsoMeLiveActivity.swift in Sources */,
				A2000003212F000100000003 /* LocationActivityAttributes.swift in Sources */,
				A200001E212F00010000001E /* DistanceFormatter.swift in Sources */,
			);
			runOnlyForDeploymentPostprocessing = 0;
		};
		A3FFFFFB212EFFFFFFFF0001 /* Sources */ = {
			isa = PBXSourcesBuildPhase;
			buildActionMask = 2147483647;
			files = (
				A3000001212F000100000001 /* IsoMeWatchApp.swift in Sources */,
				A3000002212F000100000002 /* WatchContentView.swift in Sources */,
				A3000004212F000100000004 /* SharedLocationData.swift in Sources */,
				A300001E212F00010000001E /* DistanceFormatter.swift in Sources */,
			);
			runOnlyForDeploymentPostprocessing = 0;
		};
		A4FFFFFB212EFFFFFFFF0001 /* Sources */ = {
			isa = PBXSourcesBuildPhase;
			buildActionMask = 2147483647;
			files = (
				A4000001212F000100000001 /* IsoMeWatchWidgetBundle.swift in Sources */,
				A4000002212F000100000002 /* IsoMeWatchWidget.swift in Sources */,
				A4000003212F000100000003 /* SharedLocationData.swift in Sources */,
				A400001E212F00010000001E /* DistanceFormatter.swift in Sources */,
			);
			runOnlyForDeploymentPostprocessing = 0;
		};
		B74D71912096B01D0B4CFA18 /* Sources */ = {
			isa = PBXSourcesBuildPhase;
			buildActionMask = 2147483647;
			files = (
				CB0AF0C284FF821E6D718E7E /* LocationManagerTrackingTests.swift in Sources */,
				F3601C83F23A13A26444AD47 /* SharedLocationDataTests.swift in Sources */,
			);
			runOnlyForDeploymentPostprocessing = 0;
		};
/* End PBXSourcesBuildPhase section */

/* Begin PBXTargetDependency section */
		0B296FF4FE6B89E3287D145C /* PBXTargetDependency */ = {
			isa = PBXTargetDependency;
			name = IsoMe;
			target = A1FFFFFA212EFFFFFFFF0000 /* IsoMe */;
			targetProxy = 70D695B013200C010FB259D6 /* PBXContainerItemProxy */;
		};
		A2000012212F000000000012 /* PBXTargetDependency */ = {
			isa = PBXTargetDependency;
			target = A2FFFFFA212EFFFFFFFF0000 /* IsoMeWidgetExtension */;
			targetProxy = A2000010212F000000000010 /* PBXContainerItemProxy */;
		};
		A3000012212F000000000012 /* PBXTargetDependency */ = {
			isa = PBXTargetDependency;
			target = A3FFFFFA212EFFFFFFFF0000 /* IsoMeWatch */;
			targetProxy = A3000010212F000000000010 /* PBXContainerItemProxy */;
		};
		A4000012212F000000000012 /* PBXTargetDependency */ = {
			isa = PBXTargetDependency;
			target = A4FFFFFA212EFFFFFFFF0000 /* IsoMeWatchWidgetExtension */;
			targetProxy = A4000010212F000000000010 /* PBXContainerItemProxy */;
		};
/* End PBXTargetDependency section */

/* Begin XCBuildConfiguration section */
		272510C4946ACEA961BBCFE7 /* Release */ = {
			isa = XCBuildConfiguration;
			buildSettings = {
				BUNDLE_LOADER = "$(TEST_HOST)";
				CLANG_ENABLE_OBJC_WEAK = NO;
				CODE_SIGN_STYLE = Automatic;
				DEVELOPMENT_TEAM = "";
				GENERATE_INFOPLIST_FILE = YES;
				INFOPLIST_FILE = "";
				IPHONEOS_DEPLOYMENT_TARGET = 17.0;
				PRODUCT_BUNDLE_IDENTIFIER = com.bontecou.isomeTests;
				PRODUCT_NAME = IsoMeTests;
				SDKROOT = iphoneos;
				SWIFT_VERSION = 5.0;
				TEST_HOST = "$(BUILT_PRODUCTS_DIR)/IsoMe.app/$(BUNDLE_EXECUTABLE_FOLDER_PATH)/IsoMe";
				VALIDATE_PRODUCT = YES;
			};
			name = Release;
		};
		7A89BB2D0AF6528008A176D5 /* Debug */ = {
			isa = XCBuildConfiguration;
			buildSettings = {
				BUNDLE_LOADER = "$(TEST_HOST)";
				CLANG_ENABLE_OBJC_WEAK = NO;
				CODE_SIGN_STYLE = Automatic;
				DEVELOPMENT_TEAM = "";
				GENERATE_INFOPLIST_FILE = YES;
				INFOPLIST_FILE = "";
				IPHONEOS_DEPLOYMENT_TARGET = 17.0;
				PRODUCT_BUNDLE_IDENTIFIER = com.bontecou.isomeTests;
				PRODUCT_NAME = IsoMeTests;
				SDKROOT = iphoneos;
				SWIFT_VERSION = 5.0;
				TEST_HOST = "$(BUILT_PRODUCTS_DIR)/IsoMe.app/$(BUNDLE_EXECUTABLE_FOLDER_PATH)/IsoMe";
			};
			name = Debug;
		};
		A1000015212F000000000015 /* Debug */ = {
			isa = XCBuildConfiguration;
			baseConfigurationReference = D2000001212F000100000001 /* Gripe.xcconfig */;
			buildSettings = {
				ALWAYS_SEARCH_USER_PATHS = NO;
				ASSETCATALOG_COMPILER_GENERATE_SWIFT_ASSET_SYMBOL_EXTENSIONS = YES;
				CLANG_ANALYZER_NONNULL = YES;
				CLANG_ANALYZER_NUMBER_OBJECT_CONVERSION = YES_AGGRESSIVE;
				CLANG_CXX_LANGUAGE_STANDARD = "gnu++20";
				CLANG_ENABLE_MODULES = YES;
				CLANG_ENABLE_OBJC_ARC = YES;
				CLANG_ENABLE_OBJC_WEAK = YES;
				CLANG_WARN_BLOCK_CAPTURE_AUTORELEASING = YES;
				CLANG_WARN_BOOL_CONVERSION = YES;
				CLANG_WARN_COMMA = YES;
				CLANG_WARN_CONSTANT_CONVERSION = YES;
				CLANG_WARN_DEPRECATED_OBJC_IMPLEMENTATIONS = YES;
				CLANG_WARN_DIRECT_OBJC_ISA_USAGE = YES_ERROR;
				CLANG_WARN_DOCUMENTATION_COMMENTS = YES;
				CLANG_WARN_EMPTY_BODY = YES;
				CLANG_WARN_ENUM_CONVERSION = YES;
				CLANG_WARN_INFINITE_RECURSION = YES;
				CLANG_WARN_INT_CONVERSION = YES;
				CLANG_WARN_NON_LITERAL_NULL_CONVERSION = YES;
				CLANG_WARN_OBJC_IMPLICIT_RETAIN_SELF = YES;
				CLANG_WARN_OBJC_LITERAL_CONVERSION = YES;
				CLANG_WARN_OBJC_ROOT_CLASS = YES_ERROR;
				CLANG_WARN_QUOTED_INCLUDE_IN_FRAMEWORK_HEADER = YES;
				CLANG_WARN_RANGE_LOOP_ANALYSIS = YES;
				CLANG_WARN_STRICT_PROTOTYPES = YES;
				CLANG_WARN_SUSPICIOUS_MOVE = YES;
				CLANG_WARN_UNGUARDED_AVAILABILITY = YES_AGGRESSIVE;
				CLANG_WARN_UNREACHABLE_CODE = YES;
				CLANG_WARN__DUPLICATE_METHOD_MATCH = YES;
				COPY_PHASE_STRIP = NO;
				DEBUG_INFORMATION_FORMAT = dwarf;
				DEVELOPMENT_TEAM = 67KC823C9A;
				ENABLE_STRICT_OBJC_MSGSEND = YES;
				ENABLE_TESTABILITY = YES;
				ENABLE_USER_SCRIPT_SANDBOXING = YES;
				GCC_C_LANGUAGE_STANDARD = gnu17;
				GCC_DYNAMIC_NO_PIC = NO;
				GCC_NO_COMMON_BLOCKS = YES;
				GCC_OPTIMIZATION_LEVEL = 0;
				GCC_PREPROCESSOR_DEFINITIONS = (
					"DEBUG=1",
					"$(inherited)",
				);
				GCC_WARN_64_TO_32_BIT_CONVERSION = YES;
				GCC_WARN_ABOUT_RETURN_TYPE = YES_ERROR;
				GCC_WARN_UNDECLARED_SELECTOR = YES;
				GCC_WARN_UNINITIALIZED_AUTOS = YES_AGGRESSIVE;
				GCC_WARN_UNUSED_FUNCTION = YES;
				GCC_WARN_UNUSED_VARIABLE = YES;
				IPHONEOS_DEPLOYMENT_TARGET = 17.0;
				LOCALIZATION_PREFERS_STRING_CATALOGS = YES;
				MTL_ENABLE_DEBUG_INFO = INCLUDE_SOURCE;
				MTL_FAST_MATH = YES;
				ONLY_ACTIVE_ARCH = YES;
				SDKROOT = iphoneos;
				STRING_CATALOG_GENERATE_SYMBOLS = YES;
				SWIFT_ACTIVE_COMPILATION_CONDITIONS = "DEBUG $(inherited)";
				SWIFT_OPTIMIZATION_LEVEL = "-Onone";
			};
			name = Debug;
		};
		A1000016212F000000000016 /* Release */ = {
			isa = XCBuildConfiguration;
			baseConfigurationReference = D2000001212F000100000001 /* Gripe.xcconfig */;
			buildSettings = {
				ALWAYS_SEARCH_USER_PATHS = NO;
				ASSETCATALOG_COMPILER_GENERATE_SWIFT_ASSET_SYMBOL_EXTENSIONS = YES;
				CLANG_ANALYZER_NONNULL = YES;
				CLANG_ANALYZER_NUMBER_OBJECT_CONVERSION = YES_AGGRESSIVE;
				CLANG_CXX_LANGUAGE_STANDARD = "gnu++20";
				CLANG_ENABLE_MODULES = YES;
				CLANG_ENABLE_OBJC_ARC = YES;
				CLANG_ENABLE_OBJC_WEAK = YES;
				CLANG_WARN_BLOCK_CAPTURE_AUTORELEASING = YES;
				CLANG_WARN_BOOL_CONVERSION = YES;
				CLANG_WARN_COMMA = YES;
				CLANG_WARN_CONSTANT_CONVERSION = YES;
				CLANG_WARN_DEPRECATED_OBJC_IMPLEMENTATIONS = YES;
				CLANG_WARN_DIRECT_OBJC_ISA_USAGE = YES_ERROR;
				CLANG_WARN_DOCUMENTATION_COMMENTS = YES;
				CLANG_WARN_EMPTY_BODY = YES;
				CLANG_WARN_ENUM_CONVERSION = YES;
				CLANG_WARN_INFINITE_RECURSION = YES;
				CLANG_WARN_INT_CONVERSION = YES;
				CLANG_WARN_NON_LITERAL_NULL_CONVERSION = YES;
				CLANG_WARN_OBJC_IMPLICIT_RETAIN_SELF = YES;
				CLANG_WARN_OBJC_LITERAL_CONVERSION = YES;
				CLANG_WARN_OBJC_ROOT_CLASS = YES_ERROR;
				CLANG_WARN_QUOTED_INCLUDE_IN_FRAMEWORK_HEADER = YES;
				CLANG_WARN_RANGE_LOOP_ANALYSIS = YES;
				CLANG_WARN_STRICT_PROTOTYPES = YES;
				CLANG_WARN_SUSPICIOUS_MOVE = YES;
				CLANG_WARN_UNGUARDED_AVAILABILITY = YES_AGGRESSIVE;
				CLANG_WARN_UNREACHABLE_CODE = YES;
				CLANG_WARN__DUPLICATE_METHOD_MATCH = YES;
				COPY_PHASE_STRIP = NO;
				DEBUG_INFORMATION_FORMAT = "dwarf-with-dsym";
				DEVELOPMENT_TEAM = 67KC823C9A;
				ENABLE_NS_ASSERTIONS = NO;
				ENABLE_STRICT_OBJC_MSGSEND = YES;
				ENABLE_USER_SCRIPT_SANDBOXING = YES;
				GCC_C_LANGUAGE_STANDARD = gnu17;
				GCC_NO_COMMON_BLOCKS = YES;
				GCC_WARN_64_TO_32_BIT_CONVERSION = YES;
				GCC_WARN_ABOUT_RETURN_TYPE = YES_ERROR;
				GCC_WARN_UNDECLARED_SELECTOR = YES;
				GCC_WARN_UNINITIALIZED_AUTOS = YES_AGGRESSIVE;
				GCC_WARN_UNUSED_FUNCTION = YES;
				GCC_WARN_UNUSED_VARIABLE = YES;
				IPHONEOS_DEPLOYMENT_TARGET = 17.0;
				LOCALIZATION_PREFERS_STRING_CATALOGS = YES;
				MTL_ENABLE_DEBUG_INFO = NO;
				MTL_FAST_MATH = YES;
				SDKROOT = iphoneos;
				STRING_CATALOG_GENERATE_SYMBOLS = YES;
				SWIFT_COMPILATION_MODE = wholemodule;
				VALIDATE_PRODUCT = YES;
			};
			name = Release;
		};
		A1000017212F000000000017 /* Debug */ = {
			isa = XCBuildConfiguration;
			buildSettings = {
				ALWAYS_EMBED_SWIFT_STANDARD_LIBRARIES = YES;
				ASSETCATALOG_COMPILER_APPICON_NAME = AppIcon;
				ASSETCATALOG_COMPILER_GLOBAL_ACCENT_COLOR_NAME = AccentColor;
				CODE_SIGN_ENTITLEMENTS = IsoMe/IsoMe.entitlements;
				CODE_SIGN_STYLE = Automatic;
				CURRENT_PROJECT_VERSION = 5;
				DEVELOPMENT_ASSET_PATHS = "\"IsoMe/Preview Content\"";
				ENABLE_PREVIEWS = YES;
				GENERATE_INFOPLIST_FILE = YES;
				INFOPLIST_FILE = IsoMe/Info.plist;
				INFOPLIST_KEY_CFBundleDisplayName = "iso.me";
				INFOPLIST_KEY_LSApplicationCategoryType = "public.app-category.lifestyle";
				INFOPLIST_KEY_UIApplicationSceneManifest_Generation = YES;
				INFOPLIST_KEY_UIApplicationSupportsIndirectInputEvents = YES;
				INFOPLIST_KEY_UILaunchScreen_Generation = YES;
				INFOPLIST_KEY_UISupportedInterfaceOrientations_iPad = "UIInterfaceOrientationPortrait UIInterfaceOrientationPortraitUpsideDown UIInterfaceOrientationLandscapeLeft UIInterfaceOrientationLandscapeRight";
				INFOPLIST_KEY_UISupportedInterfaceOrientations_iPhone = "UIInterfaceOrientationPortrait UIInterfaceOrientationLandscapeLeft UIInterfaceOrientationLandscapeRight";
				LD_RUNPATH_SEARCH_PATHS = (
					"$(inherited)",
					"@executable_path/Frameworks",
				);
				MARKETING_VERSION = 1.0;
				PRODUCT_BUNDLE_IDENTIFIER = com.bontecou.isome;
				PRODUCT_NAME = "$(TARGET_NAME)";
				SWIFT_EMIT_LOC_STRINGS = YES;
				SWIFT_VERSION = 5.0;
				TARGETED_DEVICE_FAMILY = "1,2";
			};
			name = Debug;
		};
		A1000018212F000000000018 /* Release */ = {
			isa = XCBuildConfiguration;
			buildSettings = {
				ALWAYS_EMBED_SWIFT_STANDARD_LIBRARIES = YES;
				ASSETCATALOG_COMPILER_APPICON_NAME = AppIcon;
				ASSETCATALOG_COMPILER_GLOBAL_ACCENT_COLOR_NAME = AccentColor;
				CODE_SIGN_ENTITLEMENTS = IsoMe/IsoMe.entitlements;
				CODE_SIGN_STYLE = Automatic;
				CURRENT_PROJECT_VERSION = 5;
				DEVELOPMENT_ASSET_PATHS = "\"IsoMe/Preview Content\"";
				ENABLE_PREVIEWS = YES;
				GENERATE_INFOPLIST_FILE = YES;
				INFOPLIST_FILE = IsoMe/Info.plist;
				INFOPLIST_KEY_CFBundleDisplayName = "iso.me";
				INFOPLIST_KEY_LSApplicationCategoryType = "public.app-category.lifestyle";
				INFOPLIST_KEY_UIApplicationSceneManifest_Generation = YES;
				INFOPLIST_KEY_UIApplicationSupportsIndirectInputEvents = YES;
				INFOPLIST_KEY_UILaunchScreen_Generation = YES;
				INFOPLIST_KEY_UISupportedInterfaceOrientations_iPad = "UIInterfaceOrientationPortrait UIInterfaceOrientationPortraitUpsideDown UIInterfaceOrientationLandscapeLeft UIInterfaceOrientationLandscapeRight";
				INFOPLIST_KEY_UISupportedInterfaceOrientations_iPhone = "UIInterfaceOrientationPortrait UIInterfaceOrientationLandscapeLeft UIInterfaceOrientationLandscapeRight";
				LD_RUNPATH_SEARCH_PATHS = (
					"$(inherited)",
					"@executable_path/Frameworks",
				);
				MARKETING_VERSION = 1.0;
				PRODUCT_BUNDLE_IDENTIFIER = com.bontecou.isome;
				PRODUCT_NAME = "$(TARGET_NAME)";
				SWIFT_EMIT_LOC_STRINGS = YES;
				SWIFT_VERSION = 5.0;
				TARGETED_DEVICE_FAMILY = "1,2";
			};
			name = Release;
		};
		A2000017212F000000000017 /* Debug */ = {
			isa = XCBuildConfiguration;
			buildSettings = {
				ASSETCATALOG_COMPILER_GLOBAL_ACCENT_COLOR_NAME = AccentColor;
				ASSETCATALOG_COMPILER_WIDGET_BACKGROUND_COLOR_NAME = WidgetBackground;
				CODE_SIGN_ENTITLEMENTS = IsoMeWidget/IsoMeWidget.entitlements;
				CODE_SIGN_STYLE = Automatic;
				CURRENT_PROJECT_VERSION = 5;
				GENERATE_INFOPLIST_FILE = YES;
				INFOPLIST_FILE = IsoMeWidget/Info.plist;
				INFOPLIST_KEY_CFBundleDisplayName = "iso.me Widget";
				INFOPLIST_KEY_NSHumanReadableCopyright = "";
				LD_RUNPATH_SEARCH_PATHS = (
					"$(inherited)",
					"@executable_path/Frameworks",
					"@executable_path/../../Frameworks",
				);
				MARKETING_VERSION = 1.0;
				PRODUCT_BUNDLE_IDENTIFIER = com.bontecou.isome.Widget;
				PRODUCT_NAME = "$(TARGET_NAME)";
				SKIP_INSTALL = YES;
				SWIFT_EMIT_LOC_STRINGS = YES;
				SWIFT_VERSION = 5.0;
				TARGETED_DEVICE_FAMILY = "1,2";
			};
			name = Debug;
		};
		A2000018212F000000000018 /* Release */ = {
			isa = XCBuildConfiguration;
			buildSettings = {
				ASSETCATALOG_COMPILER_GLOBAL_ACCENT_COLOR_NAME = AccentColor;
				ASSETCATALOG_COMPILER_WIDGET_BACKGROUND_COLOR_NAME = WidgetBackground;
				CODE_SIGN_ENTITLEMENTS = IsoMeWidget/IsoMeWidget.entitlements;
				CODE_SIGN_STYLE = Automatic;
				CURRENT_PROJECT_VERSION = 5;
				GENERATE_INFOPLIST_FILE = YES;
				INFOPLIST_FILE = IsoMeWidget/Info.plist;
				INFOPLIST_KEY_CFBundleDisplayName = "iso.me Widget";
				INFOPLIST_KEY_NSHumanReadableCopyright = "";
				LD_RUNPATH_SEARCH_PATHS = (
					"$(inherited)",
					"@executable_path/Frameworks",
					"@executable_path/../../Frameworks",
				);
				MARKETING_VERSION = 1.0;
				PRODUCT_BUNDLE_IDENTIFIER = com.bontecou.isome.Widget;
				PRODUCT_NAME = "$(TARGET_NAME)";
				SKIP_INSTALL = YES;
				SWIFT_EMIT_LOC_STRINGS = YES;
				SWIFT_VERSION = 5.0;
				TARGETED_DEVICE_FAMILY = "1,2";
			};
			name = Release;
		};
		A3000017212F000000000017 /* Debug */ = {
			isa = XCBuildConfiguration;
			buildSettings = {
				ASSETCATALOG_COMPILER_APPICON_NAME = AppIcon;
				ASSETCATALOG_COMPILER_GLOBAL_ACCENT_COLOR_NAME = AccentColor;
				CODE_SIGN_ENTITLEMENTS = IsoMeWatch/IsoMeWatch.entitlements;
				CODE_SIGN_STYLE = Automatic;
				CURRENT_PROJECT_VERSION = 5;
				GENERATE_INFOPLIST_FILE = YES;
				INFOPLIST_FILE = IsoMeWatch/Info.plist;
				INFOPLIST_KEY_CFBundleDisplayName = "iso.me";
				INFOPLIST_KEY_UISupportedInterfaceOrientations = "UIInterfaceOrientationPortrait UIInterfaceOrientationPortraitUpsideDown";
				INFOPLIST_KEY_WKCompanionAppBundleIdentifier = com.bontecou.isome;
				LD_RUNPATH_SEARCH_PATHS = (
					"$(inherited)",
					"@executable_path/Frameworks",
				);
				MARKETING_VERSION = 1.0;
				PRODUCT_BUNDLE_IDENTIFIER = com.bontecou.isome.watchkitapp;
				PRODUCT_NAME = "$(TARGET_NAME)";
				SDKROOT = watchos;
				SKIP_INSTALL = YES;
				SWIFT_EMIT_LOC_STRINGS = YES;
				SWIFT_VERSION = 5.0;
				TARGETED_DEVICE_FAMILY = 4;
				WATCHOS_DEPLOYMENT_TARGET = 10.0;
			};
			name = Debug;
		};
		A3000018212F000000000018 /* Release */ = {
			isa = XCBuildConfiguration;
			buildSettings = {
				ASSETCATALOG_COMPILER_APPICON_NAME = AppIcon;
				ASSETCATALOG_COMPILER_GLOBAL_ACCENT_COLOR_NAME = AccentColor;
				CODE_SIGN_ENTITLEMENTS = IsoMeWatch/IsoMeWatch.entitlements;
				CODE_SIGN_STYLE = Automatic;
				CURRENT_PROJECT_VERSION = 5;
				GENERATE_INFOPLIST_FILE = YES;
				INFOPLIST_FILE = IsoMeWatch/Info.plist;
				INFOPLIST_KEY_CFBundleDisplayName = "iso.me";
				INFOPLIST_KEY_UISupportedInterfaceOrientations = "UIInterfaceOrientationPortrait UIInterfaceOrientationPortraitUpsideDown";
				INFOPLIST_KEY_WKCompanionAppBundleIdentifier = com.bontecou.isome;
				LD_RUNPATH_SEARCH_PATHS = (
					"$(inherited)",
					"@executable_path/Frameworks",
				);
				MARKETING_VERSION = 1.0;
				PRODUCT_BUNDLE_IDENTIFIER = com.bontecou.isome.watchkitapp;
				PRODUCT_NAME = "$(TARGET_NAME)";
				SDKROOT = watchos;
				SKIP_INSTALL = YES;
				SWIFT_EMIT_LOC_STRINGS = YES;
				SWIFT_VERSION = 5.0;
				TARGETED_DEVICE_FAMILY = 4;
				WATCHOS_DEPLOYMENT_TARGET = 10.0;
			};
			name = Release;
		};
		A4000017212F000000000017 /* Debug */ = {
			isa = XCBuildConfiguration;
			buildSettings = {
				ASSETCATALOG_COMPILER_GLOBAL_ACCENT_COLOR_NAME = AccentColor;
				ASSETCATALOG_COMPILER_WIDGET_BACKGROUND_COLOR_NAME = WidgetBackground;
				CODE_SIGN_ENTITLEMENTS = IsoMeWatchWidget/IsoMeWatchWidget.entitlements;
				CODE_SIGN_STYLE = Automatic;
				CURRENT_PROJECT_VERSION = 5;
				GENERATE_INFOPLIST_FILE = YES;
				INFOPLIST_FILE = IsoMeWatchWidget/Info.plist;
				INFOPLIST_KEY_CFBundleDisplayName = "iso.me";
				INFOPLIST_KEY_NSHumanReadableCopyright = "";
				LD_RUNPATH_SEARCH_PATHS = (
					"$(inherited)",
					"@executable_path/Frameworks",
					"@executable_path/../../Frameworks",
				);
				MARKETING_VERSION = 1.0;
				PRODUCT_BUNDLE_IDENTIFIER = com.bontecou.isome.watchkitapp.Widget;
				PRODUCT_NAME = "$(TARGET_NAME)";
				SDKROOT = watchos;
				SKIP_INSTALL = YES;
				SWIFT_EMIT_LOC_STRINGS = YES;
				SWIFT_VERSION = 5.0;
				TARGETED_DEVICE_FAMILY = 4;
				WATCHOS_DEPLOYMENT_TARGET = 10.0;
			};
			name = Debug;
		};
		A4000018212F000000000018 /* Release */ = {
			isa = XCBuildConfiguration;
			buildSettings = {
				ASSETCATALOG_COMPILER_GLOBAL_ACCENT_COLOR_NAME = AccentColor;
				ASSETCATALOG_COMPILER_WIDGET_BACKGROUND_COLOR_NAME = WidgetBackground;
				CODE_SIGN_ENTITLEMENTS = IsoMeWatchWidget/IsoMeWatchWidget.entitlements;
				CODE_SIGN_STYLE = Automatic;
				CURRENT_PROJECT_VERSION = 5;
				GENERATE_INFOPLIST_FILE = YES;
				INFOPLIST_FILE = IsoMeWatchWidget/Info.plist;
				INFOPLIST_KEY_CFBundleDisplayName = "iso.me";
				INFOPLIST_KEY_NSHumanReadableCopyright = "";
				LD_RUNPATH_SEARCH_PATHS = (
					"$(inherited)",
					"@executable_path/Frameworks",
					"@executable_path/../../Frameworks",
				);
				MARKETING_VERSION = 1.0;
				PRODUCT_BUNDLE_IDENTIFIER = com.bontecou.isome.watchkitapp.Widget;
				PRODUCT_NAME = "$(TARGET_NAME)";
				SDKROOT = watchos;
				SKIP_INSTALL = YES;
				SWIFT_EMIT_LOC_STRINGS = YES;
				SWIFT_VERSION = 5.0;
				TARGETED_DEVICE_FAMILY = 4;
				WATCHOS_DEPLOYMENT_TARGET = 10.0;
			};
			name = Release;
		};
/* End XCBuildConfiguration section */

/* Begin XCConfigurationList section */
		09B7BE97A5B04B11F26142E1 /* Build configuration list for PBXNativeTarget "IsoMeTests" */ = {
			isa = XCConfigurationList;
			buildConfigurations = (
				272510C4946ACEA961BBCFE7 /* Release */,
				7A89BB2D0AF6528008A176D5 /* Debug */,
			);
			defaultConfigurationIsVisible = 0;
			defaultConfigurationName = Release;
		};
		A1000013212F000000000013 /* Build configuration list for PBXProject "IsoMe" */ = {
			isa = XCConfigurationList;
			buildConfigurations = (
				A1000015212F000000000015 /* Debug */,
				A1000016212F000000000016 /* Release */,
			);
			defaultConfigurationIsVisible = 0;
			defaultConfigurationName = Release;
		};
		A1000014212F000000000014 /* Build configuration list for PBXNativeTarget "IsoMe" */ = {
			isa = XCConfigurationList;
			buildConfigurations = (
				A1000017212F000000000017 /* Debug */,
				A1000018212F000000000018 /* Release */,
			);
			defaultConfigurationIsVisible = 0;
			defaultConfigurationName = Release;
		};
		A2000014212F000000000014 /* Build configuration list for PBXNativeTarget "IsoMeWidgetExtension" */ = {
			isa = XCConfigurationList;
			buildConfigurations = (
				A2000017212F000000000017 /* Debug */,
				A2000018212F000000000018 /* Release */,
			);
			defaultConfigurationIsVisible = 0;
			defaultConfigurationName = Release;
		};
		A3000014212F000000000014 /* Build configuration list for PBXNativeTarget "IsoMeWatch" */ = {
			isa = XCConfigurationList;
			buildConfigurations = (
				A3000017212F000000000017 /* Debug */,
				A3000018212F000000000018 /* Release */,
			);
			defaultConfigurationIsVisible = 0;
			defaultConfigurationName = Release;
		};
		A4000014212F000000000014 /* Build configuration list for PBXNativeTarget "IsoMeWatchWidgetExtension" */ = {
			isa = XCConfigurationList;
			buildConfigurations = (
				A4000017212F000000000017 /* Debug */,
				A4000018212F000000000018 /* Release */,
			);
			defaultConfigurationIsVisible = 0;
			defaultConfigurationName = Release;
		};
/* End XCConfigurationList section */

/* Begin XCRemoteSwiftPackageReference section */
		D1000003212F000100000003 /* XCRemoteSwiftPackageReference "gripe-sdk" */ = {
			isa = XCRemoteSwiftPackageReference;
			repositoryURL = "https://github.com/codybontecou/gripe-sdk";
			requirement = {
				kind = exactVersion;
				version = 0.1.10;
			};
		};
/* End XCRemoteSwiftPackageReference section */

/* Begin XCSwiftPackageProductDependency section */
		D1000002212F000100000002 /* GripeSDK */ = {
			isa = XCSwiftPackageProductDependency;
			package = D1000003212F000100000003 /* XCRemoteSwiftPackageReference "gripe-sdk" */;
			productName = GripeSDK;
		};
/* End XCSwiftPackageProductDependency section */
	};
	rootObject = A1FFFFF9212EFFFFFFFF0001 /* Project object */;
}
