{
  "originHash" : "91df0fd919afbd19c9aa46f5ebcb26bcae260ebe72c0e79d77670dbaa70f78b5",
  "pins" : [
    {
      "identity" : "exportkit",
      "kind" : "remoteSourceControl",
      "location" : "https://github.com/CodyBontecou/ExportKit",
      "state" : {
        "branch" : "main",
        "revision" : "17993dc0361c41145dc6429738ed369d9976e550"
      }
    }
  ],
  "version" : 3
}
