{
  "originHash" : "d2dedc51e832757a6e96d43877d5dab9d9465f1f7c1898402b36dfea6798571c",
  "pins" : [
    {
      "identity" : "exportkit",
      "kind" : "remoteSourceControl",
      "location" : "https://github.com/CodyBontecou/ExportKit",
      "state" : {
        "branch" : "main",
        "revision" : "17993dc0361c41145dc6429738ed369d9976e550"
      }
    },
    {
      "identity" : "notelet",
      "kind" : "remoteSourceControl",
      "location" : "https://github.com/mykolaharmash/notelet",
      "state" : {
        "revision" : "f01e68239a3e711895462e202b7cf1eac6f6bec3",
        "version" : "1.1.0"
      }
    }
  ],
  "version" : 3
}
